
Microsoft Visual Studio Solution File, Format Version 12.00
# Visual Studio Version 17
VisualStudioVersion = 17.7.34024.191
MinimumVisualStudioVersion = 10.0.40219.1
Project("{FAE04EC0-301F-11D3-BF4B-00C04F79EFBC}") = "Lab_02_02", "Lab_02_02.csproj", "{42240104-60EF-45FF-B1FC-98CAA6DE29FD}"
EndProject
Global
	GlobalSection(SolutionConfigurationPlatforms) = preSolution
		Debug|Any CPU = Debug|Any CPU
		Release|Any CPU = Release|Any CPU
	EndGlobalSection
	GlobalSection(ProjectConfigurationPlatforms) = postSolution
		{42240104-60EF-45FF-B1FC-98CAA6DE29FD}.Debug|Any CPU.ActiveCfg = Debug|Any CPU
		{42240104-60EF-45FF-B1FC-98CAA6DE29FD}.Debug|Any CPU.Build.0 = Debug|Any CPU
		{42240104-60EF-45FF-B1FC-98CAA6DE29FD}.Release|Any CPU.ActiveCfg = Release|Any CPU
		{42240104-60EF-45FF-B1FC-98CAA6DE29FD}.Release|Any CPU.Build.0 = Release|Any CPU
	EndGlobalSection
	GlobalSection(SolutionProperties) = preSolution
		HideSolutionNode = FALSE
	EndGlobalSection
	GlobalSection(ExtensibilityGlobals) = postSolution
		SolutionGuid = {A942BB5A-894F-449F-9E51-588FB0B16A2B}
	EndGlobalSection
EndGlobal
